
Microsoft Visual Studio Solution File, Format Version 12.00
# Visual Studio Version 17
VisualStudioVersion = 17.10.35122.118
MinimumVisualStudioVersion = 10.0.40219.1
Project("{FAE04EC0-301F-11D3-BF4B-00C04F79EFBC}") = "MOHY ALDEEN", "MOHY ALDEEN\MOHY ALDEEN.csproj", "{37B2975A-9B24-42DD-90A2-01FB3E0C9487}"
EndProject
Global
	GlobalSection(SolutionConfigurationPlatforms) = preSolution
		Debug|Any CPU = Debug|Any CPU
		Release|Any CPU = Release|Any CPU
	EndGlobalSection
	GlobalSection(ProjectConfigurationPlatforms) = postSolution
		{37B2975A-9B24-42DD-90A2-01FB3E0C9487}.Debug|Any CPU.ActiveCfg = Debug|Any CPU
		{37B2975A-9B24-42DD-90A2-01FB3E0C9487}.Debug|Any CPU.Build.0 = Debug|Any CPU
		{37B2975A-9B24-42DD-90A2-01FB3E0C9487}.Release|Any CPU.ActiveCfg = Release|Any CPU
		{37B2975A-9B24-42DD-90A2-01FB3E0C9487}.Release|Any CPU.Build.0 = Release|Any CPU
	EndGlobalSection
	GlobalSection(SolutionProperties) = preSolution
		HideSolutionNode = FALSE
	EndGlobalSection
	GlobalSection(ExtensibilityGlobals) = postSolution
		SolutionGuid = {F9B41781-6CFE-4A07-959C-6DF53AB82CAA}
	EndGlobalSection
EndGlobal
